PODS:
  - CocoaLumberjack/Core (3.0.0)
  - CocoaLumberjack/Default (3.0.0):
    - CocoaLumberjack/Core
  - CocoaLumberjack/Extensions (3.0.0):
    - CocoaLumberjack/Default
  - CocoaLumberjack/Swift (3.0.0):
    - CocoaLumberjack/Extensions
  - ReachabilitySwift (3)
  - RFAboutView (1.0.4)

DEPENDENCIES:
  - CocoaLumberjack/Swift
  - ReachabilitySwift (from `https://github.com/ashleymills/Reachability.swift`)
  - RFAboutView (= 1.0.4)

EXTERNAL SOURCES:
  ReachabilitySwift:
    :git: https://github.com/ashleymills/Reachability.swift

CHECKOUT OPTIONS:
  ReachabilitySwift:
    :commit: 47f058b5187f7ac221e86846e793ff993c0c4270
    :git: https://github.com/ashleymills/Reachability.swift

SPEC CHECKSUMS:
  CocoaLumberjack: c823149bccc5519a9447aeb433be7b1212a7d6a5
  ReachabilitySwift: f5b9bb30a0777fac8f09ce8b067e32faeb29bb64
  RFAboutView: d775536bf571a2c61baea9974a027371fe7fa65c

PODFILE CHECKSUM: 66a32a58a983dbe97df5037b34f3fbf4ee42c914

COCOAPODS: 1.0.1
