// !$*UTF8*$!
{
	archiveVersion = 1;
	classes = {
	};
	objectVersion = 46;
	objects = {

/* Begin PBXBuildFile section */
		4BFADC0FD4F3069ABE4E3D3F /* Pods_Phone_Status_Glance_WatchKit_Extension.framework in Frameworks */ = {isa = PBXBuildFile; fileRef = CD344914C0C1168674180446 /* Pods_Phone_Status_Glance_WatchKit_Extension.framework */; };
		81614C18082238FADDFB7778 /* Pods_Phone_Status_Glance.framework in Frameworks */ = {isa = PBXBuildFile; fileRef = 69F95BA93524B5EA64CBEF04 /* Pods_Phone_Status_Glance.framework */; };
		870113CEFCC6D4875C65D9F1 /* Pods_Phone_Status_GlanceTests.framework in Frameworks */ = {isa = PBXBuildFile; fileRef = 00D48642D71329506B75CBA9 /* Pods_Phone_Status_GlanceTests.framework */; };
		C52C956EA14F8F16E4D56720 /* Pods_Phone_Status_Glance_WatchKit_App.framework in Frameworks */ = {isa = PBXBuildFile; fileRef = 9D4C652EA2F54887268CDAA9 /* Pods_Phone_Status_Glance_WatchKit_App.framework */; };
		E2149C311D0F17EC00F6EBA6 /* Assets.xcassets in Resources */ = {isa = PBXBuildFile; fileRef = E2C44AA71D0DE9A300BDA5C7 /* Assets.xcassets */; };
		E21D76631D0E2D6700F245D2 /* icon-transparent-50x50.png in Resources */ = {isa = PBXBuildFile; fileRef = E27349A91D0E29450097FA2C /* icon-transparent-50x50.png */; };
		E21D76641D0E2D6A00F245D2 /* icon-transparent-50x50@2x.png in Resources */ = {isa = PBXBuildFile; fileRef = E27349AA1D0E29450097FA2C /* icon-transparent-50x50@2x.png */; };
		E21D76661D0E37BA00F245D2 /* Watch-Screenshot.png in Resources */ = {isa = PBXBuildFile; fileRef = E21D76651D0E37BA00F245D2 /* Watch-Screenshot.png */; };
		E21D76681D0E3ED600F245D2 /* Acknowledgements.plist in Resources */ = {isa = PBXBuildFile; fileRef = E21D76671D0E3ED600F245D2 /* Acknowledgements.plist */; };
		E2287D831D0ECF4A0051FFA7 /* Phone_Status_GlanceUITests.swift in Sources */ = {isa = PBXBuildFile; fileRef = E2287D821D0ECF4A0051FFA7 /* Phone_Status_GlanceUITests.swift */; };
		E2287D8B1D0ECF700051FFA7 /* SnapshotHelper.swift in Sources */ = {isa = PBXBuildFile; fileRef = E2287D8A1D0ECF700051FFA7 /* SnapshotHelper.swift */; };
		E2287E171D0EE87D0051FFA7 /* Activity1@2x.png in Resources */ = {isa = PBXBuildFile; fileRef = E2287E081D0EE87D0051FFA7 /* Activity1@2x.png */; };
		E2287E181D0EE87D0051FFA7 /* Activity2@2x.png in Resources */ = {isa = PBXBuildFile; fileRef = E2287E091D0EE87D0051FFA7 /* Activity2@2x.png */; };
		E2287E191D0EE87D0051FFA7 /* Activity3@2x.png in Resources */ = {isa = PBXBuildFile; fileRef = E2287E0A1D0EE87D0051FFA7 /* Activity3@2x.png */; };
		E2287E1A1D0EE87D0051FFA7 /* Activity4@2x.png in Resources */ = {isa = PBXBuildFile; fileRef = E2287E0B1D0EE87D0051FFA7 /* Activity4@2x.png */; };
		E2287E1B1D0EE87D0051FFA7 /* Activity5@2x.png in Resources */ = {isa = PBXBuildFile; fileRef = E2287E0C1D0EE87D0051FFA7 /* Activity5@2x.png */; };
		E2287E1C1D0EE87D0051FFA7 /* Activity6@2x.png in Resources */ = {isa = PBXBuildFile; fileRef = E2287E0D1D0EE87D0051FFA7 /* Activity6@2x.png */; };
		E2287E1D1D0EE87D0051FFA7 /* Activity7@2x.png in Resources */ = {isa = PBXBuildFile; fileRef = E2287E0E1D0EE87D0051FFA7 /* Activity7@2x.png */; };
		E2287E1E1D0EE87D0051FFA7 /* Activity8@2x.png in Resources */ = {isa = PBXBuildFile; fileRef = E2287E0F1D0EE87D0051FFA7 /* Activity8@2x.png */; };
		E2287E1F1D0EE87D0051FFA7 /* Activity9@2x.png in Resources */ = {isa = PBXBuildFile; fileRef = E2287E101D0EE87D0051FFA7 /* Activity9@2x.png */; };
		E2287E201D0EE87D0051FFA7 /* Activity10@2x.png in Resources */ = {isa = PBXBuildFile; fileRef = E2287E111D0EE87D0051FFA7 /* Activity10@2x.png */; };
		E2287E211D0EE87D0051FFA7 /* Activity11@2x.png in Resources */ = {isa = PBXBuildFile; fileRef = E2287E121D0EE87D0051FFA7 /* Activity11@2x.png */; };
		E2287E221D0EE87D0051FFA7 /* Activity12@2x.png in Resources */ = {isa = PBXBuildFile; fileRef = E2287E131D0EE87D0051FFA7 /* Activity12@2x.png */; };
		E2287E231D0EE87D0051FFA7 /* Activity13@2x.png in Resources */ = {isa = PBXBuildFile; fileRef = E2287E141D0EE87D0051FFA7 /* Activity13@2x.png */; };
		E2287E241D0EE87D0051FFA7 /* Activity14@2x.png in Resources */ = {isa = PBXBuildFile; fileRef = E2287E151D0EE87D0051FFA7 /* Activity14@2x.png */; };
		E2287E251D0EE87D0051FFA7 /* Activity15@2x.png in Resources */ = {isa = PBXBuildFile; fileRef = E2287E161D0EE87D0051FFA7 /* Activity15@2x.png */; };
		E236D7551D0B1FB8005F7F0A /* network.png in Resources */ = {isa = PBXBuildFile; fileRef = E236D7541D0B1FB8005F7F0A /* network.png */; };
		E236D7571D0B2208005F7F0A /* battery.png in Resources */ = {isa = PBXBuildFile; fileRef = E236D7561D0B2208005F7F0A /* battery.png */; };
		E25F79641D0A391B00B46652 /* AppDelegate.swift in Sources */ = {isa = PBXBuildFile; fileRef = E25F79631D0A391B00B46652 /* AppDelegate.swift */; };
		E25F79661D0A391B00B46652 /* ViewController.swift in Sources */ = {isa = PBXBuildFile; fileRef = E25F79651D0A391B00B46652 /* ViewController.swift */; };
		E25F79691D0A391B00B46652 /* Main.storyboard in Resources */ = {isa = PBXBuildFile; fileRef = E25F79671D0A391B00B46652 /* Main.storyboard */; };
		E25F796E1D0A391B00B46652 /* LaunchScreen.storyboard in Resources */ = {isa = PBXBuildFile; fileRef = E25F796C1D0A391B00B46652 /* LaunchScreen.storyboard */; };
		E25F79791D0A391B00B46652 /* Phone_StatsTests.swift in Sources */ = {isa = PBXBuildFile; fileRef = E25F79781D0A391B00B46652 /* Phone_StatsTests.swift */; };
		E25F797E1D0A391B00B46652 /* Phone Status Glance.app in Embed Watch Content */ = {isa = PBXBuildFile; fileRef = E25F797D1D0A391B00B46652 /* Phone Status Glance.app */; };
		E25F79841D0A391B00B46652 /* Interface.storyboard in Resources */ = {isa = PBXBuildFile; fileRef = E25F79821D0A391B00B46652 /* Interface.storyboard */; };
		E25F798D1D0A391B00B46652 /* Phone Status Glance.appex in Embed App Extensions */ = {isa = PBXBuildFile; fileRef = E25F798C1D0A391B00B46652 /* Phone Status Glance.appex */; settings = {ATTRIBUTES = (RemoveHeadersOnCopy, ); }; };
		E25F79921D0A391B00B46652 /* InterfaceController.swift in Sources */ = {isa = PBXBuildFile; fileRef = E25F79911D0A391B00B46652 /* InterfaceController.swift */; };
		E25F79941D0A391B00B46652 /* ExtensionDelegate.swift in Sources */ = {isa = PBXBuildFile; fileRef = E25F79931D0A391B00B46652 /* ExtensionDelegate.swift */; };
		E25F79961D0A391B00B46652 /* GlanceController.swift in Sources */ = {isa = PBXBuildFile; fileRef = E25F79951D0A391B00B46652 /* GlanceController.swift */; };
		E25F79981D0A391B00B46652 /* Assets.xcassets in Resources */ = {isa = PBXBuildFile; fileRef = E25F79971D0A391B00B46652 /* Assets.xcassets */; };
		E25F79AB1D0A397000B46652 /* WatchConnectivity.framework in Frameworks */ = {isa = PBXBuildFile; fileRef = E25F79AA1D0A397000B46652 /* WatchConnectivity.framework */; };
		E2620DCD1D0B780C0071ACE7 /* battery.png in Resources */ = {isa = PBXBuildFile; fileRef = E236D7561D0B2208005F7F0A /* battery.png */; };
		E2620DCE1D0B780F0071ACE7 /* network.png in Resources */ = {isa = PBXBuildFile; fileRef = E236D7541D0B1FB8005F7F0A /* network.png */; };
		E27349AB1D0E29450097FA2C /* icon-transparent-50x50.png in Resources */ = {isa = PBXBuildFile; fileRef = E27349A91D0E29450097FA2C /* icon-transparent-50x50.png */; };
		E27349AC1D0E29450097FA2C /* icon-transparent-50x50@2x.png in Resources */ = {isa = PBXBuildFile; fileRef = E27349AA1D0E29450097FA2C /* icon-transparent-50x50@2x.png */; };
		E2C44AA81D0DE9A300BDA5C7 /* Assets.xcassets in Resources */ = {isa = PBXBuildFile; fileRef = E2C44AA71D0DE9A300BDA5C7 /* Assets.xcassets */; };
		E2C44AAC1D0DEB3D00BDA5C7 /* icon-transparent.png in Resources */ = {isa = PBXBuildFile; fileRef = E2C44AAB1D0DEB3D00BDA5C7 /* icon-transparent.png */; };
		E2CF99551D101B42001441C2 /* battery_charging.png in Resources */ = {isa = PBXBuildFile; fileRef = E2CF99541D101B42001441C2 /* battery_charging.png */; };
		E2CF99561D101B42001441C2 /* battery_charging.png in Resources */ = {isa = PBXBuildFile; fileRef = E2CF99541D101B42001441C2 /* battery_charging.png */; };
/* End PBXBuildFile section */

/* Begin PBXContainerItemProxy section */
		E2287D851D0ECF4A0051FFA7 /* PBXContainerItemProxy */ = {
			isa = PBXContainerItemProxy;
			containerPortal = E25F79581D0A391B00B46652 /* Project object */;
			proxyType = 1;
			remoteGlobalIDString = E25F795F1D0A391B00B46652;
			remoteInfo = "Phone Status Glance";
		};
		E25F79751D0A391B00B46652 /* PBXContainerItemProxy */ = {
			isa = PBXContainerItemProxy;
			containerPortal = E25F79581D0A391B00B46652 /* Project object */;
			proxyType = 1;
			remoteGlobalIDString = E25F795F1D0A391B00B46652;
			remoteInfo = "Phone Stats";
		};
		E25F797F1D0A391B00B46652 /* PBXContainerItemProxy */ = {
			isa = PBXContainerItemProxy;
			containerPortal = E25F79581D0A391B00B46652 /* Project object */;
			proxyType = 1;
			remoteGlobalIDString = E25F797C1D0A391B00B46652;
			remoteInfo = "Phone Stats WatchKit App";
		};
		E25F798E1D0A391B00B46652 /* PBXContainerItemProxy */ = {
			isa = PBXContainerItemProxy;
			containerPortal = E25F79581D0A391B00B46652 /* Project object */;
			proxyType = 1;
			remoteGlobalIDString = E25F798B1D0A391B00B46652;
			remoteInfo = "Phone Stats WatchKit Extension";
		};
/* End PBXContainerItemProxy section */

/* Begin PBXCopyFilesBuildPhase section */
		E25F799F1D0A391B00B46652 /* Embed App Extensions */ = {
			isa = PBXCopyFilesBuildPhase;
			buildActionMask = 2147483647;
			dstPath = "";
			dstSubfolderSpec = 13;
			files = (
				E25F798D1D0A391B00B46652 /* Phone Status Glance.appex in Embed App Extensions */,
			);
			name = "Embed App Extensions";
			runOnlyForDeploymentPostprocessing = 0;
		};
		E25F79A31D0A391B00B46652 /* Embed Watch Content */ = {
			isa = PBXCopyFilesBuildPhase;
			buildActionMask = 2147483647;
			dstPath = "$(CONTENTS_FOLDER_PATH)/Watch";
			dstSubfolderSpec = 16;
			files = (
				E25F797E1D0A391B00B46652 /* Phone Status Glance.app in Embed Watch Content */,
			);
			name = "Embed Watch Content";
			runOnlyForDeploymentPostprocessing = 0;
		};
/* End PBXCopyFilesBuildPhase section */

/* Begin PBXFileReference section */
		00D48642D71329506B75CBA9 /* Pods_Phone_Status_GlanceTests.framework */ = {isa = PBXFileReference; explicitFileType = wrapper.framework; includeInIndex = 0; path = Pods_Phone_Status_GlanceTests.framework; sourceTree = BUILT_PRODUCTS_DIR; };
		2F861F777C87F86BF0D6FEFD /* Pods-Phone Status Glance WatchKit Extension.debug.xcconfig */ = {isa = PBXFileReference; includeInIndex = 1; lastKnownFileType = text.xcconfig; name = "Pods-Phone Status Glance WatchKit Extension.debug.xcconfig"; path = "Pods/Target Support Files/Pods-Phone Status Glance WatchKit Extension/Pods-Phone Status Glance WatchKit Extension.debug.xcconfig"; sourceTree = "<group>"; };
		5126FB3CB4259F0402A8DBB0 /* Pods-Phone Status GlanceTests.debug.xcconfig */ = {isa = PBXFileReference; includeInIndex = 1; lastKnownFileType = text.xcconfig; name = "Pods-Phone Status GlanceTests.debug.xcconfig"; path = "Pods/Target Support Files/Pods-Phone Status GlanceTests/Pods-Phone Status GlanceTests.debug.xcconfig"; sourceTree = "<group>"; };
		69F63DFBEC81FEC09AF04F82 /* Pods-Phone Status Glance WatchKit App.release.xcconfig */ = {isa = PBXFileReference; includeInIndex = 1; lastKnownFileType = text.xcconfig; name = "Pods-Phone Status Glance WatchKit App.release.xcconfig"; path = "Pods/Target Support Files/Pods-Phone Status Glance WatchKit App/Pods-Phone Status Glance WatchKit App.release.xcconfig"; sourceTree = "<group>"; };
		69F95BA93524B5EA64CBEF04 /* Pods_Phone_Status_Glance.framework */ = {isa = PBXFileReference; explicitFileType = wrapper.framework; includeInIndex = 0; path = Pods_Phone_Status_Glance.framework; sourceTree = BUILT_PRODUCTS_DIR; };
		9B3EA8E8AB296ADD6FB692C5 /* Pods-Phone Status Glance.debug.xcconfig */ = {isa = PBXFileReference; includeInIndex = 1; lastKnownFileType = text.xcconfig; name = "Pods-Phone Status Glance.debug.xcconfig"; path = "Pods/Target Support Files/Pods-Phone Status Glance/Pods-Phone Status Glance.debug.xcconfig"; sourceTree = "<group>"; };
		9D4C652EA2F54887268CDAA9 /* Pods_Phone_Status_Glance_WatchKit_App.framework */ = {isa = PBXFileReference; explicitFileType = wrapper.framework; includeInIndex = 0; path = Pods_Phone_Status_Glance_WatchKit_App.framework; sourceTree = BUILT_PRODUCTS_DIR; };
		AD9D4D952FC4BDF797272D17 /* Pods-Phone Status Glance.release.xcconfig */ = {isa = PBXFileReference; includeInIndex = 1; lastKnownFileType = text.xcconfig; name = "Pods-Phone Status Glance.release.xcconfig"; path = "Pods/Target Support Files/Pods-Phone Status Glance/Pods-Phone Status Glance.release.xcconfig"; sourceTree = "<group>"; };
		CD344914C0C1168674180446 /* Pods_Phone_Status_Glance_WatchKit_Extension.framework */ = {isa = PBXFileReference; explicitFileType = wrapper.framework; includeInIndex = 0; path = Pods_Phone_Status_Glance_WatchKit_Extension.framework; sourceTree = BUILT_PRODUCTS_DIR; };
		D6F59E5531021272E2AA9A5C /* Pods-Phone Status Glance WatchKit App.debug.xcconfig */ = {isa = PBXFileReference; includeInIndex = 1; lastKnownFileType = text.xcconfig; name = "Pods-Phone Status Glance WatchKit App.debug.xcconfig"; path = "Pods/Target Support Files/Pods-Phone Status Glance WatchKit App/Pods-Phone Status Glance WatchKit App.debug.xcconfig"; sourceTree = "<group>"; };
		DA53FAA9D8408E9B058E9ED7 /* Pods-Phone Status Glance WatchKit Extension.release.xcconfig */ = {isa = PBXFileReference; includeInIndex = 1; lastKnownFileType = text.xcconfig; name = "Pods-Phone Status Glance WatchKit Extension.release.xcconfig"; path = "Pods/Target Support Files/Pods-Phone Status Glance WatchKit Extension/Pods-Phone Status Glance WatchKit Extension.release.xcconfig"; sourceTree = "<group>"; };
		E21D76651D0E37BA00F245D2 /* Watch-Screenshot.png */ = {isa = PBXFileReference; lastKnownFileType = image.png; name = "Watch-Screenshot.png"; path = "assets/Watch-Screenshot.png"; sourceTree = "<group>"; };
		E21D76671D0E3ED600F245D2 /* Acknowledgements.plist */ = {isa = PBXFileReference; fileEncoding = 4; lastKnownFileType = text.plist.xml; name = Acknowledgements.plist; path = "Phone Stats/Acknowledgements.plist"; sourceTree = "<group>"; };
		E2287D801D0ECF4A0051FFA7 /* Phone Status GlanceUITests.xctest */ = {isa = PBXFileReference; explicitFileType = wrapper.cfbundle; includeInIndex = 0; path = "Phone Status GlanceUITests.xctest"; sourceTree = BUILT_PRODUCTS_DIR; };
		E2287D821D0ECF4A0051FFA7 /* Phone_Status_GlanceUITests.swift */ = {isa = PBXFileReference; lastKnownFileType = sourcecode.swift; path = Phone_Status_GlanceUITests.swift; sourceTree = "<group>"; };
		E2287D841D0ECF4A0051FFA7 /* Info.plist */ = {isa = PBXFileReference; lastKnownFileType = text.plist.xml; path = Info.plist; sourceTree = "<group>"; };
		E2287D8A1D0ECF700051FFA7 /* SnapshotHelper.swift */ = {isa = PBXFileReference; fileEncoding = 4; lastKnownFileType = sourcecode.swift; path = SnapshotHelper.swift; sourceTree = "<group>"; };
		E2287E081D0EE87D0051FFA7 /* Activity1@2x.png */ = {isa = PBXFileReference; lastKnownFileType = image.png; path = "Activity1@2x.png"; sourceTree = "<group>"; };
		E2287E091D0EE87D0051FFA7 /* Activity2@2x.png */ = {isa = PBXFileReference; lastKnownFileType = image.png; path = "Activity2@2x.png"; sourceTree = "<group>"; };
		E2287E0A1D0EE87D0051FFA7 /* Activity3@2x.png */ = {isa = PBXFileReference; lastKnownFileType = image.png; path = "Activity3@2x.png"; sourceTree = "<group>"; };
		E2287E0B1D0EE87D0051FFA7 /* Activity4@2x.png */ = {isa = PBXFileReference; lastKnownFileType = image.png; path = "Activity4@2x.png"; sourceTree = "<group>"; };
		E2287E0C1D0EE87D0051FFA7 /* Activity5@2x.png */ = {isa = PBXFileReference; lastKnownFileType = image.png; path = "Activity5@2x.png"; sourceTree = "<group>"; };
		E2287E0D1D0EE87D0051FFA7 /* Activity6@2x.png */ = {isa = PBXFileReference; lastKnownFileType = image.png; path = "Activity6@2x.png"; sourceTree = "<group>"; };
		E2287E0E1D0EE87D0051FFA7 /* Activity7@2x.png */ = {isa = PBXFileReference; lastKnownFileType = image.png; path = "Activity7@2x.png"; sourceTree = "<group>"; };
		E2287E0F1D0EE87D0051FFA7 /* Activity8@2x.png */ = {isa = PBXFileReference; lastKnownFileType = image.png; path = "Activity8@2x.png"; sourceTree = "<group>"; };
		E2287E101D0EE87D0051FFA7 /* Activity9@2x.png */ = {isa = PBXFileReference; lastKnownFileType = image.png; path = "Activity9@2x.png"; sourceTree = "<group>"; };
		E2287E111D0EE87D0051FFA7 /* Activity10@2x.png */ = {isa = PBXFileReference; lastKnownFileType = image.png; path = "Activity10@2x.png"; sourceTree = "<group>"; };
		E2287E121D0EE87D0051FFA7 /* Activity11@2x.png */ = {isa = PBXFileReference; lastKnownFileType = image.png; path = "Activity11@2x.png"; sourceTree = "<group>"; };
		E2287E131D0EE87D0051FFA7 /* Activity12@2x.png */ = {isa = PBXFileReference; lastKnownFileType = image.png; path = "Activity12@2x.png"; sourceTree = "<group>"; };
		E2287E141D0EE87D0051FFA7 /* Activity13@2x.png */ = {isa = PBXFileReference; lastKnownFileType = image.png; path = "Activity13@2x.png"; sourceTree = "<group>"; };
		E2287E151D0EE87D0051FFA7 /* Activity14@2x.png */ = {isa = PBXFileReference; lastKnownFileType = image.png; path = "Activity14@2x.png"; sourceTree = "<group>"; };
		E2287E161D0EE87D0051FFA7 /* Activity15@2x.png */ = {isa = PBXFileReference; lastKnownFileType = image.png; path = "Activity15@2x.png"; sourceTree = "<group>"; };
		E236D7541D0B1FB8005F7F0A /* network.png */ = {isa = PBXFileReference; lastKnownFileType = image.png; name = network.png; path = images/network.png; sourceTree = "<group>"; };
		E236D7561D0B2208005F7F0A /* battery.png */ = {isa = PBXFileReference; lastKnownFileType = image.png; name = battery.png; path = images/battery.png; sourceTree = "<group>"; };
		E25F79601D0A391B00B46652 /* Phone Status Glance.app */ = {isa = PBXFileReference; explicitFileType = wrapper.application; includeInIndex = 0; path = "Phone Status Glance.app"; sourceTree = BUILT_PRODUCTS_DIR; };
		E25F79631D0A391B00B46652 /* AppDelegate.swift */ = {isa = PBXFileReference; lastKnownFileType = sourcecode.swift; path = AppDelegate.swift; sourceTree = "<group>"; };
		E25F79651D0A391B00B46652 /* ViewController.swift */ = {isa = PBXFileReference; lastKnownFileType = sourcecode.swift; path = ViewController.swift; sourceTree = "<group>"; };
		E25F79681D0A391B00B46652 /* Base */ = {isa = PBXFileReference; lastKnownFileType = file.storyboard; name = Base; path = Base.lproj/Main.storyboard; sourceTree = "<group>"; };
		E25F796D1D0A391B00B46652 /* Base */ = {isa = PBXFileReference; lastKnownFileType = file.storyboard; name = Base; path = Base.lproj/LaunchScreen.storyboard; sourceTree = "<group>"; };
		E25F796F1D0A391B00B46652 /* Info.plist */ = {isa = PBXFileReference; lastKnownFileType = text.plist.xml; path = Info.plist; sourceTree = "<group>"; };
		E25F79741D0A391B00B46652 /* Phone Status Glance.xctest */ = {isa = PBXFileReference; explicitFileType = wrapper.cfbundle; includeInIndex = 0; path = "Phone Status Glance.xctest"; sourceTree = BUILT_PRODUCTS_DIR; };
		E25F79781D0A391B00B46652 /* Phone_StatsTests.swift */ = {isa = PBXFileReference; lastKnownFileType = sourcecode.swift; path = Phone_StatsTests.swift; sourceTree = "<group>"; };
		E25F797A1D0A391B00B46652 /* Info.plist */ = {isa = PBXFileReference; lastKnownFileType = text.plist.xml; path = Info.plist; sourceTree = "<group>"; };
		E25F797D1D0A391B00B46652 /* Phone Status Glance.app */ = {isa = PBXFileReference; explicitFileType = wrapper.application; includeInIndex = 0; path = "Phone Status Glance.app"; sourceTree = BUILT_PRODUCTS_DIR; };
		E25F79831D0A391B00B46652 /* Base */ = {isa = PBXFileReference; lastKnownFileType = file.storyboard; name = Base; path = Base.lproj/Interface.storyboard; sourceTree = "<group>"; };
		E25F79871D0A391B00B46652 /* Info.plist */ = {isa = PBXFileReference; lastKnownFileType = text.plist.xml; path = Info.plist; sourceTree = "<group>"; };
		E25F798C1D0A391B00B46652 /* Phone Status Glance.appex */ = {isa = PBXFileReference; explicitFileType = "wrapper.app-extension"; includeInIndex = 0; path = "Phone Status Glance.appex"; sourceTree = BUILT_PRODUCTS_DIR; };
		E25F79911D0A391B00B46652 /* InterfaceController.swift */ = {isa = PBXFileReference; lastKnownFileType = sourcecode.swift; path = InterfaceController.swift; sourceTree = "<group>"; };
		E25F79931D0A391B00B46652 /* ExtensionDelegate.swift */ = {isa = PBXFileReference; lastKnownFileType = sourcecode.swift; path = ExtensionDelegate.swift; sourceTree = "<group>"; };
		E25F79951D0A391B00B46652 /* GlanceController.swift */ = {isa = PBXFileReference; lastKnownFileType = sourcecode.swift; path = GlanceController.swift; sourceTree = "<group>"; };
		E25F79971D0A391B00B46652 /* Assets.xcassets */ = {isa = PBXFileReference; lastKnownFileType = folder.assetcatalog; path = Assets.xcassets; sourceTree = "<group>"; };
		E25F79991D0A391B00B46652 /* Info.plist */ = {isa = PBXFileReference; lastKnownFileType = text.plist.xml; path = Info.plist; sourceTree = "<group>"; };
		E25F79AA1D0A397000B46652 /* WatchConnectivity.framework */ = {isa = PBXFileReference; lastKnownFileType = wrapper.framework; name = WatchConnectivity.framework; path = System/Library/Frameworks/WatchConnectivity.framework; sourceTree = SDKROOT; };
		E27349A91D0E29450097FA2C /* icon-transparent-50x50.png */ = {isa = PBXFileReference; lastKnownFileType = image.png; name = "icon-transparent-50x50.png"; path = "assets/icon-transparent-50x50.png"; sourceTree = "<group>"; };
		E27349AA1D0E29450097FA2C /* icon-transparent-50x50@2x.png */ = {isa = PBXFileReference; lastKnownFileType = image.png; name = "icon-transparent-50x50@2x.png"; path = "assets/icon-transparent-50x50@2x.png"; sourceTree = "<group>"; };
		E2C44AA71D0DE9A300BDA5C7 /* Assets.xcassets */ = {isa = PBXFileReference; lastKnownFileType = folder.assetcatalog; path = Assets.xcassets; sourceTree = "<group>"; };
		E2C44AAB1D0DEB3D00BDA5C7 /* icon-transparent.png */ = {isa = PBXFileReference; lastKnownFileType = image.png; name = "icon-transparent.png"; path = "assets/icon-transparent.png"; sourceTree = "<group>"; };
		E2CF99541D101B42001441C2 /* battery_charging.png */ = {isa = PBXFileReference; lastKnownFileType = image.png; name = battery_charging.png; path = images/battery_charging.png; sourceTree = "<group>"; };
		F1834A41DBC336BC50778458 /* Pods-Phone Status GlanceTests.release.xcconfig */ = {isa = PBXFileReference; includeInIndex = 1; lastKnownFileType = text.xcconfig; name = "Pods-Phone Status GlanceTests.release.xcconfig"; path = "Pods/Target Support Files/Pods-Phone Status GlanceTests/Pods-Phone Status GlanceTests.release.xcconfig"; sourceTree = "<group>"; };
/* End PBXFileReference section */

/* Begin PBXFrameworksBuildPhase section */
		D5FB636F04BC3F2EF110EFF7 /* Frameworks */ = {
			isa = PBXFrameworksBuildPhase;
			buildActionMask = 2147483647;
			files = (
				C52C956EA14F8F16E4D56720 /* Pods_Phone_Status_Glance_WatchKit_App.framework in Frameworks */,
			);
			runOnlyForDeploymentPostprocessing = 0;
		};
		E2287D7D1D0ECF4A0051FFA7 /* Frameworks */ = {
			isa = PBXFrameworksBuildPhase;
			buildActionMask = 2147483647;
			files = (
			);
			runOnlyForDeploymentPostprocessing = 0;
		};
		E25F795D1D0A391B00B46652 /* Frameworks */ = {
			isa = PBXFrameworksBuildPhase;
			buildActionMask = 2147483647;
			files = (
				E25F79AB1D0A397000B46652 /* WatchConnectivity.framework in Frameworks */,
				81614C18082238FADDFB7778 /* Pods_Phone_Status_Glance.framework in Frameworks */,
			);
			runOnlyForDeploymentPostprocessing = 0;
		};
		E25F79711D0A391B00B46652 /* Frameworks */ = {
			isa = PBXFrameworksBuildPhase;
			buildActionMask = 2147483647;
			files = (
				870113CEFCC6D4875C65D9F1 /* Pods_Phone_Status_GlanceTests.framework in Frameworks */,
			);
			runOnlyForDeploymentPostprocessing = 0;
		};
		E25F79891D0A391B00B46652 /* Frameworks */ = {
			isa = PBXFrameworksBuildPhase;
			buildActionMask = 2147483647;
			files = (
				4BFADC0FD4F3069ABE4E3D3F /* Pods_Phone_Status_Glance_WatchKit_Extension.framework in Frameworks */,
			);
			runOnlyForDeploymentPostprocessing = 0;
		};
/* End PBXFrameworksBuildPhase section */

/* Begin PBXGroup section */
		53655D0F0A8EBE96D82D5C47 /* Frameworks */ = {
			isa = PBXGroup;
			children = (
				69F95BA93524B5EA64CBEF04 /* Pods_Phone_Status_Glance.framework */,
				9D4C652EA2F54887268CDAA9 /* Pods_Phone_Status_Glance_WatchKit_App.framework */,
				CD344914C0C1168674180446 /* Pods_Phone_Status_Glance_WatchKit_Extension.framework */,
				00D48642D71329506B75CBA9 /* Pods_Phone_Status_GlanceTests.framework */,
			);
			name = Frameworks;
			sourceTree = "<group>";
		};
		E2287D811D0ECF4A0051FFA7 /* Phone Status GlanceUITests */ = {
			isa = PBXGroup;
			children = (
				E2287D821D0ECF4A0051FFA7 /* Phone_Status_GlanceUITests.swift */,
				E2287D8A1D0ECF700051FFA7 /* SnapshotHelper.swift */,
				E2287D841D0ECF4A0051FFA7 /* Info.plist */,
			);
			path = "Phone Status GlanceUITests";
			sourceTree = "<group>";
		};
		E2287D8C1D0EE57C0051FFA7 /* Loading Indicator */ = {
			isa = PBXGroup;
			children = (
				E2287E081D0EE87D0051FFA7 /* Activity1@2x.png */,
				E2287E091D0EE87D0051FFA7 /* Activity2@2x.png */,
				E2287E0A1D0EE87D0051FFA7 /* Activity3@2x.png */,
				E2287E0B1D0EE87D0051FFA7 /* Activity4@2x.png */,
				E2287E0C1D0EE87D0051FFA7 /* Activity5@2x.png */,
				E2287E0D1D0EE87D0051FFA7 /* Activity6@2x.png */,
				E2287E0E1D0EE87D0051FFA7 /* Activity7@2x.png */,
				E2287E0F1D0EE87D0051FFA7 /* Activity8@2x.png */,
				E2287E101D0EE87D0051FFA7 /* Activity9@2x.png */,
				E2287E111D0EE87D0051FFA7 /* Activity10@2x.png */,
				E2287E121D0EE87D0051FFA7 /* Activity11@2x.png */,
				E2287E131D0EE87D0051FFA7 /* Activity12@2x.png */,
				E2287E141D0EE87D0051FFA7 /* Activity13@2x.png */,
				E2287E151D0EE87D0051FFA7 /* Activity14@2x.png */,
				E2287E161D0EE87D0051FFA7 /* Activity15@2x.png */,
			);
			name = "Loading Indicator";
			sourceTree = "<group>";
		};
		E236D7531D0B1FA7005F7F0A /* Icons */ = {
			isa = PBXGroup;
			children = (
				E21D76651D0E37BA00F245D2 /* Watch-Screenshot.png */,
				E27349A91D0E29450097FA2C /* icon-transparent-50x50.png */,
				E27349AA1D0E29450097FA2C /* icon-transparent-50x50@2x.png */,
				E2C44AAB1D0DEB3D00BDA5C7 /* icon-transparent.png */,
				E2CF99541D101B42001441C2 /* battery_charging.png */,
				E236D7561D0B2208005F7F0A /* battery.png */,
				E236D7541D0B1FB8005F7F0A /* network.png */,
			);
			name = Icons;
			sourceTree = "<group>";
		};
		E25F79571D0A391B00B46652 = {
			isa = PBXGroup;
			children = (
				E21D76671D0E3ED600F245D2 /* Acknowledgements.plist */,
				E236D7531D0B1FA7005F7F0A /* Icons */,
				E25F79AA1D0A397000B46652 /* WatchConnectivity.framework */,
				E25F79621D0A391B00B46652 /* Phone Stats */,
				E25F79771D0A391B00B46652 /* Phone StatsTests */,
				E25F79811D0A391B00B46652 /* Phone Stats WatchKit App */,
				E25F79901D0A391B00B46652 /* Phone Stats WatchKit Extension */,
				E2287D811D0ECF4A0051FFA7 /* Phone Status GlanceUITests */,
				E25F79611D0A391B00B46652 /* Products */,
				FA0D4E5EBD1293504E818203 /* Pods */,
				53655D0F0A8EBE96D82D5C47 /* Frameworks */,
			);
			sourceTree = "<group>";
		};
		E25F79611D0A391B00B46652 /* Products */ = {
			isa = PBXGroup;
			children = (
				E25F79601D0A391B00B46652 /* Phone Status Glance.app */,
				E25F79741D0A391B00B46652 /* Phone Status Glance.xctest */,
				E25F797D1D0A391B00B46652 /* Phone Status Glance.app */,
				E25F798C1D0A391B00B46652 /* Phone Status Glance.appex */,
				E2287D801D0ECF4A0051FFA7 /* Phone Status GlanceUITests.xctest */,
			);
			name = Products;
			sourceTree = "<group>";
		};
		E25F79621D0A391B00B46652 /* Phone Stats */ = {
			isa = PBXGroup;
			children = (
				E25F79631D0A391B00B46652 /* AppDelegate.swift */,
				E25F79651D0A391B00B46652 /* ViewController.swift */,
				E25F79671D0A391B00B46652 /* Main.storyboard */,
				E25F796C1D0A391B00B46652 /* LaunchScreen.storyboard */,
				E2C44AA71D0DE9A300BDA5C7 /* Assets.xcassets */,
				E25F796F1D0A391B00B46652 /* Info.plist */,
			);
			path = "Phone Stats";
			sourceTree = "<group>";
		};
		E25F79771D0A391B00B46652 /* Phone StatsTests */ = {
			isa = PBXGroup;
			children = (
				E25F79781D0A391B00B46652 /* Phone_StatsTests.swift */,
				E25F797A1D0A391B00B46652 /* Info.plist */,
			);
			path = "Phone StatsTests";
			sourceTree = "<group>";
		};
		E25F79811D0A391B00B46652 /* Phone Stats WatchKit App */ = {
			isa = PBXGroup;
			children = (
				E2287D8C1D0EE57C0051FFA7 /* Loading Indicator */,
				E25F79821D0A391B00B46652 /* Interface.storyboard */,
				E25F79871D0A391B00B46652 /* Info.plist */,
			);
			path = "Phone Stats WatchKit App";
			sourceTree = "<group>";
		};
		E25F79901D0A391B00B46652 /* Phone Stats WatchKit Extension */ = {
			isa = PBXGroup;
			children = (
				E25F79911D0A391B00B46652 /* InterfaceController.swift */,
				E25F79931D0A391B00B46652 /* ExtensionDelegate.swift */,
				E25F79951D0A391B00B46652 /* GlanceController.swift */,
				E25F79971D0A391B00B46652 /* Assets.xcassets */,
				E25F79991D0A391B00B46652 /* Info.plist */,
			);
			path = "Phone Stats WatchKit Extension";
			sourceTree = "<group>";
		};
		FA0D4E5EBD1293504E818203 /* Pods */ = {
			isa = PBXGroup;
			children = (
				9B3EA8E8AB296ADD6FB692C5 /* Pods-Phone Status Glance.debug.xcconfig */,
				AD9D4D952FC4BDF797272D17 /* Pods-Phone Status Glance.release.xcconfig */,
				D6F59E5531021272E2AA9A5C /* Pods-Phone Status Glance WatchKit App.debug.xcconfig */,
				69F63DFBEC81FEC09AF04F82 /* Pods-Phone Status Glance WatchKit App.release.xcconfig */,
				2F861F777C87F86BF0D6FEFD /* Pods-Phone Status Glance WatchKit Extension.debug.xcconfig */,
				DA53FAA9D8408E9B058E9ED7 /* Pods-Phone Status Glance WatchKit Extension.release.xcconfig */,
				5126FB3CB4259F0402A8DBB0 /* Pods-Phone Status GlanceTests.debug.xcconfig */,
				F1834A41DBC336BC50778458 /* Pods-Phone Status GlanceTests.release.xcconfig */,
			);
			name = Pods;
			sourceTree = "<group>";
		};
/* End PBXGroup section */

/* Begin PBXNativeTarget section */
		E2287D7F1D0ECF4A0051FFA7 /* Phone Status GlanceUITests */ = {
			isa = PBXNativeTarget;
			buildConfigurationList = E2287D891D0ECF4A0051FFA7 /* Build configuration list for PBXNativeTarget "Phone Status GlanceUITests" */;
			buildPhases = (
				E2287D7C1D0ECF4A0051FFA7 /* Sources */,
				E2287D7D1D0ECF4A0051FFA7 /* Frameworks */,
				E2287D7E1D0ECF4A0051FFA7 /* Resources */,
			);
			buildRules = (
			);
			dependencies = (
				E2287D861D0ECF4A0051FFA7 /* PBXTargetDependency */,
			);
			name = "Phone Status GlanceUITests";
			productName = "Phone Status GlanceUITests";
			productReference = E2287D801D0ECF4A0051FFA7 /* Phone Status GlanceUITests.xctest */;
			productType = "com.apple.product-type.bundle.ui-testing";
		};
		E25F795F1D0A391B00B46652 /* Phone Status Glance */ = {
			isa = PBXNativeTarget;
			buildConfigurationList = E25F79A41D0A391B00B46652 /* Build configuration list for PBXNativeTarget "Phone Status Glance" */;
			buildPhases = (
				A8686D192ABF7717C1512694 /* 📦 Check Pods Manifest.lock */,
				E25F795C1D0A391B00B46652 /* Sources */,
				E25F795D1D0A391B00B46652 /* Frameworks */,
				E25F795E1D0A391B00B46652 /* Resources */,
				E25F79A31D0A391B00B46652 /* Embed Watch Content */,
				ED36C1AEBBE913844665BC13 /* 📦 Embed Pods Frameworks */,
				5AFC3524BEC94C3F5402B22E /* 📦 Copy Pods Resources */,
			);
			buildRules = (
			);
			dependencies = (
				E25F79801D0A391B00B46652 /* PBXTargetDependency */,
			);
			name = "Phone Status Glance";
			productName = "Phone Stats";
			productReference = E25F79601D0A391B00B46652 /* Phone Status Glance.app */;
			productType = "com.apple.product-type.application";
		};
		E25F79731D0A391B00B46652 /* Phone Status GlanceTests */ = {
			isa = PBXNativeTarget;
			buildConfigurationList = E25F79A71D0A391B00B46652 /* Build configuration list for PBXNativeTarget "Phone Status GlanceTests" */;
			buildPhases = (
				EEF1EB2E5A9C6051111B4114 /* 📦 Check Pods Manifest.lock */,
				E25F79701D0A391B00B46652 /* Sources */,
				E25F79711D0A391B00B46652 /* Frameworks */,
				E25F79721D0A391B00B46652 /* Resources */,
				8DF14AAA5F5C79169E0F7645 /* 📦 Embed Pods Frameworks */,
				614E03ED517D8602A5871646 /* 📦 Copy Pods Resources */,
			);
			buildRules = (
			);
			dependencies = (
				E25F79761D0A391B00B46652 /* PBXTargetDependency */,
			);
			name = "Phone Status GlanceTests";
			productName = "Phone StatsTests";
			productReference = E25F79741D0A391B00B46652 /* Phone Status Glance.xctest */;
			productType = "com.apple.product-type.bundle.unit-test";
		};
		E25F797C1D0A391B00B46652 /* Phone Status Glance WatchKit App */ = {
			isa = PBXNativeTarget;
			buildConfigurationList = E25F79A01D0A391B00B46652 /* Build configuration list for PBXNativeTarget "Phone Status Glance WatchKit App" */;
			buildPhases = (
				D4CB8853BA2FF58E3B575AE3 /* 📦 Check Pods Manifest.lock */,
				E25F797B1D0A391B00B46652 /* Resources */,
				E25F799F1D0A391B00B46652 /* Embed App Extensions */,
				D5FB636F04BC3F2EF110EFF7 /* Frameworks */,
				D2A21F52A20DC31D6AA7978A /* 📦 Copy Pods Resources */,
			);
			buildRules = (
			);
			dependencies = (
				E25F798F1D0A391B00B46652 /* PBXTargetDependency */,
			);
			name = "Phone Status Glance WatchKit App";
			productName = "Phone Stats WatchKit App";
			productReference = E25F797D1D0A391B00B46652 /* Phone Status Glance.app */;
			productType = "com.apple.product-type.application.watchapp2";
		};
		E25F798B1D0A391B00B46652 /* Phone Status Glance WatchKit Extension */ = {
			isa = PBXNativeTarget;
			buildConfigurationList = E25F799C1D0A391B00B46652 /* Build configuration list for PBXNativeTarget "Phone Status Glance WatchKit Extension" */;
			buildPhases = (
				B27D2B66BE56768FEBAD3588 /* 📦 Check Pods Manifest.lock */,
				E25F79881D0A391B00B46652 /* Sources */,
				E25F79891D0A391B00B46652 /* Frameworks */,
				E25F798A1D0A391B00B46652 /* Resources */,
				165C09012A971C1ABF7285B8 /* 📦 Embed Pods Frameworks */,
				3F22B03B7148E2CD6C43682A /* 📦 Copy Pods Resources */,
			);
			buildRules = (
			);
			dependencies = (
			);
			name = "Phone Status Glance WatchKit Extension";
			productName = "Phone Stats WatchKit Extension";
			productReference = E25F798C1D0A391B00B46652 /* Phone Status Glance.appex */;
			productType = "com.apple.product-type.watchkit2-extension";
		};
/* End PBXNativeTarget section */

/* Begin PBXProject section */
		E25F79581D0A391B00B46652 /* Project object */ = {
			isa = PBXProject;
			attributes = {
				LastSwiftUpdateCheck = 0730;
				LastUpgradeCheck = 0730;
				ORGANIZATIONNAME = "Tom Elliott";
				TargetAttributes = {
					E2287D7F1D0ECF4A0051FFA7 = {
						CreatedOnToolsVersion = 7.3.1;
						TestTargetID = E25F795F1D0A391B00B46652;
					};
					E25F795F1D0A391B00B46652 = {
						CreatedOnToolsVersion = 7.3.1;
					};
					E25F79731D0A391B00B46652 = {
						CreatedOnToolsVersion = 7.3.1;
						TestTargetID = E25F795F1D0A391B00B46652;
					};
					E25F797C1D0A391B00B46652 = {
						CreatedOnToolsVersion = 7.3.1;
					};
					E25F798B1D0A391B00B46652 = {
						CreatedOnToolsVersion = 7.3.1;
					};
				};
			};
			buildConfigurationList = E25F795B1D0A391B00B46652 /* Build configuration list for PBXProject "Phone Status Glance" */;
			compatibilityVersion = "Xcode 3.2";
			developmentRegion = English;
			hasScannedForEncodings = 0;
			knownRegions = (
				en,
				Base,
			);
			mainGroup = E25F79571D0A391B00B46652;
			productRefGroup = E25F79611D0A391B00B46652 /* Products */;
			projectDirPath = "";
			projectRoot = "";
			targets = (
				E25F795F1D0A391B00B46652 /* Phone Status Glance */,
				E25F79731D0A391B00B46652 /* Phone Status GlanceTests */,
				E25F797C1D0A391B00B46652 /* Phone Status Glance WatchKit App */,
				E25F798B1D0A391B00B46652 /* Phone Status Glance WatchKit Extension */,
				E2287D7F1D0ECF4A0051FFA7 /* Phone Status GlanceUITests */,
			);
		};
/* End PBXProject section */

/* Begin PBXResourcesBuildPhase section */
		E2287D7E1D0ECF4A0051FFA7 /* Resources */ = {
			isa = PBXResourcesBuildPhase;
			buildActionMask = 2147483647;
			files = (
			);
			runOnlyForDeploymentPostprocessing = 0;
		};
		E25F795E1D0A391B00B46652 /* Resources */ = {
			isa = PBXResourcesBuildPhase;
			buildActionMask = 2147483647;
			files = (
				E236D7551D0B1FB8005F7F0A /* network.png in Resources */,
				E27349AC1D0E29450097FA2C /* icon-transparent-50x50@2x.png in Resources */,
				E236D7571D0B2208005F7F0A /* battery.png in Resources */,
				E21D76661D0E37BA00F245D2 /* Watch-Screenshot.png in Resources */,
				E25F796E1D0A391B00B46652 /* LaunchScreen.storyboard in Resources */,
				E21D76681D0E3ED600F245D2 /* Acknowledgements.plist in Resources */,
				E2C44AAC1D0DEB3D00BDA5C7 /* icon-transparent.png in Resources */,
				E25F79691D0A391B00B46652 /* Main.storyboard in Resources */,
				E27349AB1D0E29450097FA2C /* icon-transparent-50x50.png in Resources */,
				E2CF99551D101B42001441C2 /* battery_charging.png in Resources */,
				E2C44AA81D0DE9A300BDA5C7 /* Assets.xcassets in Resources */,
			);
			runOnlyForDeploymentPostprocessing = 0;
		};
		E25F79721D0A391B00B46652 /* Resources */ = {
			isa = PBXResourcesBuildPhase;
			buildActionMask = 2147483647;
			files = (
			);
			runOnlyForDeploymentPostprocessing = 0;
		};
		E25F797B1D0A391B00B46652 /* Resources */ = {
			isa = PBXResourcesBuildPhase;
			buildActionMask = 2147483647;
			files = (
				E2287E1B1D0EE87D0051FFA7 /* Activity5@2x.png in Resources */,
				E2287E211D0EE87D0051FFA7 /* Activity11@2x.png in Resources */,
				E2287E191D0EE87D0051FFA7 /* Activity3@2x.png in Resources */,
				E2620DCE1D0B780F0071ACE7 /* network.png in Resources */,
				E2149C311D0F17EC00F6EBA6 /* Assets.xcassets in Resources */,
				E21D76641D0E2D6A00F245D2 /* icon-transparent-50x50@2x.png in Resources */,
				E2287E231D0EE87D0051FFA7 /* Activity13@2x.png in Resources */,
				E2287E1E1D0EE87D0051FFA7 /* Activity8@2x.png in Resources */,
				E2287E251D0EE87D0051FFA7 /* Activity15@2x.png in Resources */,
				E21D76631D0E2D6700F245D2 /* icon-transparent-50x50.png in Resources */,
				E2287E241D0EE87D0051FFA7 /* Activity14@2x.png in Resources */,
				E2287E181D0EE87D0051FFA7 /* Activity2@2x.png in Resources */,
				E2287E1F1D0EE87D0051FFA7 /* Activity9@2x.png in Resources */,
				E2620DCD1D0B780C0071ACE7 /* battery.png in Resources */,
				E2287E1C1D0EE87D0051FFA7 /* Activity6@2x.png in Resources */,
				E25F79841D0A391B00B46652 /* Interface.storyboard in Resources */,
				E2287E201D0EE87D0051FFA7 /* Activity10@2x.png in Resources */,
				E2287E1D1D0EE87D0051FFA7 /* Activity7@2x.png in Resources */,
				E2287E1A1D0EE87D0051FFA7 /* Activity4@2x.png in Resources */,
				E2287E221D0EE87D0051FFA7 /* Activity12@2x.png in Resources */,
				E2CF99561D101B42001441C2 /* battery_charging.png in Resources */,
				E2287E171D0EE87D0051FFA7 /* Activity1@2x.png in Resources */,
			);
			runOnlyForDeploymentPostprocessing = 0;
		};
		E25F798A1D0A391B00B46652 /* Resources */ = {
			isa = PBXResourcesBuildPhase;
			buildActionMask = 2147483647;
			files = (
				E25F79981D0A391B00B46652 /* Assets.xcassets in Resources */,
			);
			runOnlyForDeploymentPostprocessing = 0;
		};
/* End PBXResourcesBuildPhase section */

/* Begin PBXShellScriptBuildPhase section */
		165C09012A971C1ABF7285B8 /* 📦 Embed Pods Frameworks */ = {
			isa = PBXShellScriptBuildPhase;
			buildActionMask = 2147483647;
			files = (
			);
			inputPaths = (
			);
			name = "📦 Embed Pods Frameworks";
			outputPaths = (
			);
			runOnlyForDeploymentPostprocessing = 0;
			shellPath = /bin/sh;
			shellScript = "\"${SRCROOT}/Pods/Target Support Files/Pods-Phone Status Glance WatchKit Extension/Pods-Phone Status Glance WatchKit Extension-frameworks.sh\"\n";
			showEnvVarsInLog = 0;
		};
		3F22B03B7148E2CD6C43682A /* 📦 Copy Pods Resources */ = {
			isa = PBXShellScriptBuildPhase;
			buildActionMask = 2147483647;
			files = (
			);
			inputPaths = (
			);
			name = "📦 Copy Pods Resources";
			outputPaths = (
			);
			runOnlyForDeploymentPostprocessing = 0;
			shellPath = /bin/sh;
			shellScript = "\"${SRCROOT}/Pods/Target Support Files/Pods-Phone Status Glance WatchKit Extension/Pods-Phone Status Glance WatchKit Extension-resources.sh\"\n";
			showEnvVarsInLog = 0;
		};
		5AFC3524BEC94C3F5402B22E /* 📦 Copy Pods Resources */ = {
			isa = PBXShellScriptBuildPhase;
			buildActionMask = 2147483647;
			files = (
			);
			inputPaths = (
			);
			name = "📦 Copy Pods Resources";
			outputPaths = (
			);
			runOnlyForDeploymentPostprocessing = 0;
			shellPath = /bin/sh;
			shellScript = "\"${SRCROOT}/Pods/Target Support Files/Pods-Phone Status Glance/Pods-Phone Status Glance-resources.sh\"\n";
			showEnvVarsInLog = 0;
		};
		614E03ED517D8602A5871646 /* 📦 Copy Pods Resources */ = {
			isa = PBXShellScriptBuildPhase;
			buildActionMask = 2147483647;
			files = (
			);
			inputPaths = (
			);
			name = "📦 Copy Pods Resources";
			outputPaths = (
			);
			runOnlyForDeploymentPostprocessing = 0;
			shellPath = /bin/sh;
			shellScript = "\"${SRCROOT}/Pods/Target Support Files/Pods-Phone Status GlanceTests/Pods-Phone Status GlanceTests-resources.sh\"\n";
			showEnvVarsInLog = 0;
		};
		8DF14AAA5F5C79169E0F7645 /* 📦 Embed Pods Frameworks */ = {
			isa = PBXShellScriptBuildPhase;
			buildActionMask = 2147483647;
			files = (
			);
			inputPaths = (
			);
			name = "📦 Embed Pods Frameworks";
			outputPaths = (
			);
			runOnlyForDeploymentPostprocessing = 0;
			shellPath = /bin/sh;
			shellScript = "\"${SRCROOT}/Pods/Target Support Files/Pods-Phone Status GlanceTests/Pods-Phone Status GlanceTests-frameworks.sh\"\n";
			showEnvVarsInLog = 0;
		};
		A8686D192ABF7717C1512694 /* 📦 Check Pods Manifest.lock */ = {
			isa = PBXShellScriptBuildPhase;
			buildActionMask = 2147483647;
			files = (
			);
			inputPaths = (
			);
			name = "📦 Check Pods Manifest.lock";
			outputPaths = (
			);
			runOnlyForDeploymentPostprocessing = 0;
			shellPath = /bin/sh;
			shellScript = "diff \"${PODS_ROOT}/../Podfile.lock\" \"${PODS_ROOT}/Manifest.lock\" > /dev/null\nif [[ $? != 0 ]] ; then\n    cat << EOM\nerror: The sandbox is not in sync with the Podfile.lock. Run 'pod install' or update your CocoaPods installation.\nEOM\n    exit 1\nfi\n";
			showEnvVarsInLog = 0;
		};
		B27D2B66BE56768FEBAD3588 /* 📦 Check Pods Manifest.lock */ = {
			isa = PBXShellScriptBuildPhase;
			buildActionMask = 2147483647;
			files = (
			);
			inputPaths = (
			);
			name = "📦 Check Pods Manifest.lock";
			outputPaths = (
			);
			runOnlyForDeploymentPostprocessing = 0;
			shellPath = /bin/sh;
			shellScript = "diff \"${PODS_ROOT}/../Podfile.lock\" \"${PODS_ROOT}/Manifest.lock\" > /dev/null\nif [[ $? != 0 ]] ; then\n    cat << EOM\nerror: The sandbox is not in sync with the Podfile.lock. Run 'pod install' or update your CocoaPods installation.\nEOM\n    exit 1\nfi\n";
			showEnvVarsInLog = 0;
		};
		D2A21F52A20DC31D6AA7978A /* 📦 Copy Pods Resources */ = {
			isa = PBXShellScriptBuildPhase;
			buildActionMask = 2147483647;
			files = (
			);
			inputPaths = (
			);
			name = "📦 Copy Pods Resources";
			outputPaths = (
			);
			runOnlyForDeploymentPostprocessing = 0;
			shellPath = /bin/sh;
			shellScript = "\"${SRCROOT}/Pods/Target Support Files/Pods-Phone Status Glance WatchKit App/Pods-Phone Status Glance WatchKit App-resources.sh\"\n";
			showEnvVarsInLog = 0;
		};
		D4CB8853BA2FF58E3B575AE3 /* 📦 Check Pods Manifest.lock */ = {
			isa = PBXShellScriptBuildPhase;
			buildActionMask = 2147483647;
			files = (
			);
			inputPaths = (
			);
			name = "📦 Check Pods Manifest.lock";
			outputPaths = (
			);
			runOnlyForDeploymentPostprocessing = 0;
			shellPath = /bin/sh;
			shellScript = "diff \"${PODS_ROOT}/../Podfile.lock\" \"${PODS_ROOT}/Manifest.lock\" > /dev/null\nif [[ $? != 0 ]] ; then\n    cat << EOM\nerror: The sandbox is not in sync with the Podfile.lock. Run 'pod install' or update your CocoaPods installation.\nEOM\n    exit 1\nfi\n";
			showEnvVarsInLog = 0;
		};
		ED36C1AEBBE913844665BC13 /* 📦 Embed Pods Frameworks */ = {
			isa = PBXShellScriptBuildPhase;
			buildActionMask = 2147483647;
			files = (
			);
			inputPaths = (
			);
			name = "📦 Embed Pods Frameworks";
			outputPaths = (
			);
			runOnlyForDeploymentPostprocessing = 0;
			shellPath = /bin/sh;
			shellScript = "\"${SRCROOT}/Pods/Target Support Files/Pods-Phone Status Glance/Pods-Phone Status Glance-frameworks.sh\"\n";
			showEnvVarsInLog = 0;
		};
		EEF1EB2E5A9C6051111B4114 /* 📦 Check Pods Manifest.lock */ = {
			isa = PBXShellScriptBuildPhase;
			buildActionMask = 2147483647;
			files = (
			);
			inputPaths = (
			);
			name = "📦 Check Pods Manifest.lock";
			outputPaths = (
			);
			runOnlyForDeploymentPostprocessing = 0;
			shellPath = /bin/sh;
			shellScript = "diff \"${PODS_ROOT}/../Podfile.lock\" \"${PODS_ROOT}/Manifest.lock\" > /dev/null\nif [[ $? != 0 ]] ; then\n    cat << EOM\nerror: The sandbox is not in sync with the Podfile.lock. Run 'pod install' or update your CocoaPods installation.\nEOM\n    exit 1\nfi\n";
			showEnvVarsInLog = 0;
		};
/* End PBXShellScriptBuildPhase section */

/* Begin PBXSourcesBuildPhase section */
		E2287D7C1D0ECF4A0051FFA7 /* Sources */ = {
			isa = PBXSourcesBuildPhase;
			buildActionMask = 2147483647;
			files = (
				E2287D831D0ECF4A0051FFA7 /* Phone_Status_GlanceUITests.swift in Sources */,
				E2287D8B1D0ECF700051FFA7 /* SnapshotHelper.swift in Sources */,
			);
			runOnlyForDeploymentPostprocessing = 0;
		};
		E25F795C1D0A391B00B46652 /* Sources */ = {
			isa = PBXSourcesBuildPhase;
			buildActionMask = 2147483647;
			files = (
				E25F79661D0A391B00B46652 /* ViewController.swift in Sources */,
				E25F79641D0A391B00B46652 /* AppDelegate.swift in Sources */,
			);
			runOnlyForDeploymentPostprocessing = 0;
		};
		E25F79701D0A391B00B46652 /* Sources */ = {
			isa = PBXSourcesBuildPhase;
			buildActionMask = 2147483647;
			files = (
				E25F79791D0A391B00B46652 /* Phone_StatsTests.swift in Sources */,
			);
			runOnlyForDeploymentPostprocessing = 0;
		};
		E25F79881D0A391B00B46652 /* Sources */ = {
			isa = PBXSourcesBuildPhase;
			buildActionMask = 2147483647;
			files = (
				E25F79941D0A391B00B46652 /* ExtensionDelegate.swift in Sources */,
				E25F79921D0A391B00B46652 /* InterfaceController.swift in Sources */,
				E25F79961D0A391B00B46652 /* GlanceController.swift in Sources */,
			);
			runOnlyForDeploymentPostprocessing = 0;
		};
/* End PBXSourcesBuildPhase section */

/* Begin PBXTargetDependency section */
		E2287D861D0ECF4A0051FFA7 /* PBXTargetDependency */ = {
			isa = PBXTargetDependency;
			target = E25F795F1D0A391B00B46652 /* Phone Status Glance */;
			targetProxy = E2287D851D0ECF4A0051FFA7 /* PBXContainerItemProxy */;
		};
		E25F79761D0A391B00B46652 /* PBXTargetDependency */ = {
			isa = PBXTargetDependency;
			target = E25F795F1D0A391B00B46652 /* Phone Status Glance */;
			targetProxy = E25F79751D0A391B00B46652 /* PBXContainerItemProxy */;
		};
		E25F79801D0A391B00B46652 /* PBXTargetDependency */ = {
			isa = PBXTargetDependency;
			target = E25F797C1D0A391B00B46652 /* Phone Status Glance WatchKit App */;
			targetProxy = E25F797F1D0A391B00B46652 /* PBXContainerItemProxy */;
		};
		E25F798F1D0A391B00B46652 /* PBXTargetDependency */ = {
			isa = PBXTargetDependency;
			target = E25F798B1D0A391B00B46652 /* Phone Status Glance WatchKit Extension */;
			targetProxy = E25F798E1D0A391B00B46652 /* PBXContainerItemProxy */;
		};
/* End PBXTargetDependency section */

/* Begin PBXVariantGroup section */
		E25F79671D0A391B00B46652 /* Main.storyboard */ = {
			isa = PBXVariantGroup;
			children = (
				E25F79681D0A391B00B46652 /* Base */,
			);
			name = Main.storyboard;
			sourceTree = "<group>";
		};
		E25F796C1D0A391B00B46652 /* LaunchScreen.storyboard */ = {
			isa = PBXVariantGroup;
			children = (
				E25F796D1D0A391B00B46652 /* Base */,
			);
			name = LaunchScreen.storyboard;
			sourceTree = "<group>";
		};
		E25F79821D0A391B00B46652 /* Interface.storyboard */ = {
			isa = PBXVariantGroup;
			children = (
				E25F79831D0A391B00B46652 /* Base */,
			);
			name = Interface.storyboard;
			sourceTree = "<group>";
		};
/* End PBXVariantGroup section */

/* Begin XCBuildConfiguration section */
		E2287D871D0ECF4A0051FFA7 /* Debug */ = {
			isa = XCBuildConfiguration;
			buildSettings = {
				INFOPLIST_FILE = "Phone Status GlanceUITests/Info.plist";
				LD_RUNPATH_SEARCH_PATHS = "$(inherited) @executable_path/Frameworks @loader_path/Frameworks";
				PRODUCT_BUNDLE_IDENTIFIER = "io.telliott.Phone-Status-GlanceUITests";
				PRODUCT_NAME = "$(TARGET_NAME)";
				TEST_TARGET_NAME = "Phone Status Glance";
			};
			name = Debug;
		};
		E2287D881D0ECF4A0051FFA7 /* Release */ = {
			isa = XCBuildConfiguration;
			buildSettings = {
				INFOPLIST_FILE = "Phone Status GlanceUITests/Info.plist";
				LD_RUNPATH_SEARCH_PATHS = "$(inherited) @executable_path/Frameworks @loader_path/Frameworks";
				PRODUCT_BUNDLE_IDENTIFIER = "io.telliott.Phone-Status-GlanceUITests";
				PRODUCT_NAME = "$(TARGET_NAME)";
				TEST_TARGET_NAME = "Phone Status Glance";
			};
			name = Release;
		};
		E25F799A1D0A391B00B46652 /* Debug */ = {
			isa = XCBuildConfiguration;
			buildSettings = {
				ALWAYS_SEARCH_USER_PATHS = NO;
				CLANG_ANALYZER_NONNULL = YES;
				CLANG_CXX_LANGUAGE_STANDARD = "gnu++0x";
				CLANG_CXX_LIBRARY = "libc++";
				CLANG_ENABLE_MODULES = YES;
				CLANG_ENABLE_OBJC_ARC = YES;
				CLANG_WARN_BOOL_CONVERSION = YES;
				CLANG_WARN_CONSTANT_CONVERSION = YES;
				CLANG_WARN_DIRECT_OBJC_ISA_USAGE = YES_ERROR;
				CLANG_WARN_EMPTY_BODY = YES;
				CLANG_WARN_ENUM_CONVERSION = YES;
				CLANG_WARN_INT_CONVERSION = YES;
				CLANG_WARN_OBJC_ROOT_CLASS = YES_ERROR;
				CLANG_WARN_UNREACHABLE_CODE = YES;
				CLANG_WARN__DUPLICATE_METHOD_MATCH = YES;
				"CODE_SIGN_IDENTITY[sdk=iphoneos*]" = "iPhone Developer";
				COPY_PHASE_STRIP = NO;
				DEBUG_INFORMATION_FORMAT = dwarf;
				ENABLE_STRICT_OBJC_MSGSEND = YES;
				ENABLE_TESTABILITY = YES;
				GCC_C_LANGUAGE_STANDARD = gnu99;
				GCC_DYNAMIC_NO_PIC = NO;
				GCC_NO_COMMON_BLOCKS = YES;
				GCC_OPTIMIZATION_LEVEL = 0;
				GCC_PREPROCESSOR_DEFINITIONS = (
					"DEBUG=1",
					"$(inherited)",
				);
				GCC_WARN_64_TO_32_BIT_CONVERSION = YES;
				GCC_WARN_ABOUT_RETURN_TYPE = YES_ERROR;
				GCC_WARN_UNDECLARED_SELECTOR = YES;
				GCC_WARN_UNINITIALIZED_AUTOS = YES_AGGRESSIVE;
				GCC_WARN_UNUSED_FUNCTION = YES;
				GCC_WARN_UNUSED_VARIABLE = YES;
				IPHONEOS_DEPLOYMENT_TARGET = 9.3;
				MTL_ENABLE_DEBUG_INFO = YES;
				ONLY_ACTIVE_ARCH = YES;
				SDKROOT = iphoneos;
				SWIFT_OPTIMIZATION_LEVEL = "-Onone";
				TARGETED_DEVICE_FAMILY = "1,2";
			};
			name = Debug;
		};
		E25F799B1D0A391B00B46652 /* Release */ = {
			isa = XCBuildConfiguration;
			buildSettings = {
				ALWAYS_SEARCH_USER_PATHS = NO;
				CLANG_ANALYZER_NONNULL = YES;
				CLANG_CXX_LANGUAGE_STANDARD = "gnu++0x";
				CLANG_CXX_LIBRARY = "libc++";
				CLANG_ENABLE_MODULES = YES;
				CLANG_ENABLE_OBJC_ARC = YES;
				CLANG_WARN_BOOL_CONVERSION = YES;
				CLANG_WARN_CONSTANT_CONVERSION = YES;
				CLANG_WARN_DIRECT_OBJC_ISA_USAGE = YES_ERROR;
				CLANG_WARN_EMPTY_BODY = YES;
				CLANG_WARN_ENUM_CONVERSION = YES;
				CLANG_WARN_INT_CONVERSION = YES;
				CLANG_WARN_OBJC_ROOT_CLASS = YES_ERROR;
				CLANG_WARN_UNREACHABLE_CODE = YES;
				CLANG_WARN__DUPLICATE_METHOD_MATCH = YES;
				"CODE_SIGN_IDENTITY[sdk=iphoneos*]" = "iPhone Developer";
				COPY_PHASE_STRIP = NO;
				DEBUG_INFORMATION_FORMAT = "dwarf-with-dsym";
				ENABLE_NS_ASSERTIONS = NO;
				ENABLE_STRICT_OBJC_MSGSEND = YES;
				GCC_C_LANGUAGE_STANDARD = gnu99;
				GCC_NO_COMMON_BLOCKS = YES;
				GCC_WARN_64_TO_32_BIT_CONVERSION = YES;
				GCC_WARN_ABOUT_RETURN_TYPE = YES_ERROR;
				GCC_WARN_UNDECLARED_SELECTOR = YES;
				GCC_WARN_UNINITIALIZED_AUTOS = YES_AGGRESSIVE;
				GCC_WARN_UNUSED_FUNCTION = YES;
				GCC_WARN_UNUSED_VARIABLE = YES;
				IPHONEOS_DEPLOYMENT_TARGET = 9.3;
				MTL_ENABLE_DEBUG_INFO = NO;
				SDKROOT = iphoneos;
				TARGETED_DEVICE_FAMILY = "1,2";
				VALIDATE_PRODUCT = YES;
			};
			name = Release;
		};
		E25F799D1D0A391B00B46652 /* Debug */ = {
			isa = XCBuildConfiguration;
			baseConfigurationReference = 2F861F777C87F86BF0D6FEFD /* Pods-Phone Status Glance WatchKit Extension.debug.xcconfig */;
			buildSettings = {
				INFOPLIST_FILE = "Phone Stats WatchKit Extension/Info.plist";
				LD_RUNPATH_SEARCH_PATHS = "$(inherited) @executable_path/Frameworks @executable_path/../../Frameworks";
				PRODUCT_BUNDLE_IDENTIFIER = "io.telliott.Phone-Stats.watchkitapp.watchkitextension";
				PRODUCT_NAME = "Phone Status Glance";
				SDKROOT = watchos;
				SKIP_INSTALL = YES;
				TARGETED_DEVICE_FAMILY = 4;
				WATCHOS_DEPLOYMENT_TARGET = 2.2;
			};
			name = Debug;
		};
		E25F799E1D0A391B00B46652 /* Release */ = {
			isa = XCBuildConfiguration;
			baseConfigurationReference = DA53FAA9D8408E9B058E9ED7 /* Pods-Phone Status Glance WatchKit Extension.release.xcconfig */;
			buildSettings = {
				INFOPLIST_FILE = "Phone Stats WatchKit Extension/Info.plist";
				LD_RUNPATH_SEARCH_PATHS = "$(inherited) @executable_path/Frameworks @executable_path/../../Frameworks";
				PRODUCT_BUNDLE_IDENTIFIER = "io.telliott.Phone-Stats.watchkitapp.watchkitextension";
				PRODUCT_NAME = "Phone Status Glance";
				SDKROOT = watchos;
				SKIP_INSTALL = YES;
				TARGETED_DEVICE_FAMILY = 4;
				WATCHOS_DEPLOYMENT_TARGET = 2.2;
			};
			name = Release;
		};
		E25F79A11D0A391B00B46652 /* Debug */ = {
			isa = XCBuildConfiguration;
			baseConfigurationReference = D6F59E5531021272E2AA9A5C /* Pods-Phone Status Glance WatchKit App.debug.xcconfig */;
			buildSettings = {
				ASSETCATALOG_COMPILER_APPICON_NAME = AppIcon;
				EMBEDDED_CONTENT_CONTAINS_SWIFT = YES;
				IBSC_MODULE = Phone_Stats_WatchKit_Extension;
				INFOPLIST_FILE = "Phone Stats WatchKit App/Info.plist";
				PRODUCT_BUNDLE_IDENTIFIER = "io.telliott.Phone-Stats.watchkitapp";
				PRODUCT_NAME = "Phone Status Glance";
				SDKROOT = watchos;
				SKIP_INSTALL = YES;
				TARGETED_DEVICE_FAMILY = 4;
				WATCHOS_DEPLOYMENT_TARGET = 2.2;
			};
			name = Debug;
		};
		E25F79A21D0A391B00B46652 /* Release */ = {
			isa = XCBuildConfiguration;
			baseConfigurationReference = 69F63DFBEC81FEC09AF04F82 /* Pods-Phone Status Glance WatchKit App.release.xcconfig */;
			buildSettings = {
				ASSETCATALOG_COMPILER_APPICON_NAME = AppIcon;
				EMBEDDED_CONTENT_CONTAINS_SWIFT = YES;
				IBSC_MODULE = Phone_Stats_WatchKit_Extension;
				INFOPLIST_FILE = "Phone Stats WatchKit App/Info.plist";
				PRODUCT_BUNDLE_IDENTIFIER = "io.telliott.Phone-Stats.watchkitapp";
				PRODUCT_NAME = "Phone Status Glance";
				SDKROOT = watchos;
				SKIP_INSTALL = YES;
				TARGETED_DEVICE_FAMILY = 4;
				WATCHOS_DEPLOYMENT_TARGET = 2.2;
			};
			name = Release;
		};
		E25F79A51D0A391B00B46652 /* Debug */ = {
			isa = XCBuildConfiguration;
			baseConfigurationReference = 9B3EA8E8AB296ADD6FB692C5 /* Pods-Phone Status Glance.debug.xcconfig */;
			buildSettings = {
				ASSETCATALOG_COMPILER_APPICON_NAME = AppIcon;
				CURRENT_PROJECT_VERSION = 9;
				INFOPLIST_FILE = "Phone Stats/Info.plist";
				LD_RUNPATH_SEARCH_PATHS = "$(inherited) @executable_path/Frameworks";
				PRODUCT_BUNDLE_IDENTIFIER = "io.telliott.Phone-Stats";
				PRODUCT_NAME = "Phone Status Glance";
			};
			name = Debug;
		};
		E25F79A61D0A391B00B46652 /* Release */ = {
			isa = XCBuildConfiguration;
			baseConfigurationReference = AD9D4D952FC4BDF797272D17 /* Pods-Phone Status Glance.release.xcconfig */;
			buildSettings = {
				ASSETCATALOG_COMPILER_APPICON_NAME = AppIcon;
				CURRENT_PROJECT_VERSION = 9;
				INFOPLIST_FILE = "Phone Stats/Info.plist";
				LD_RUNPATH_SEARCH_PATHS = "$(inherited) @executable_path/Frameworks";
				PRODUCT_BUNDLE_IDENTIFIER = "io.telliott.Phone-Stats";
				PRODUCT_NAME = "Phone Status Glance";
			};
			name = Release;
		};
		E25F79A81D0A391B00B46652 /* Debug */ = {
			isa = XCBuildConfiguration;
			baseConfigurationReference = 5126FB3CB4259F0402A8DBB0 /* Pods-Phone Status GlanceTests.debug.xcconfig */;
			buildSettings = {
				BUNDLE_LOADER = "$(TEST_HOST)";
				INFOPLIST_FILE = "Phone StatsTests/Info.plist";
				LD_RUNPATH_SEARCH_PATHS = "$(inherited) @executable_path/Frameworks @loader_path/Frameworks";
				PRODUCT_BUNDLE_IDENTIFIER = "io.telliott.Phone-StatsTests";
				PRODUCT_NAME = "Phone Status Glance";
				TEST_HOST = "$(BUILT_PRODUCTS_DIR)/Phone Status Glance.app/Phone Status Glance";
			};
			name = Debug;
		};
		E25F79A91D0A391B00B46652 /* Release */ = {
			isa = XCBuildConfiguration;
			baseConfigurationReference = F1834A41DBC336BC50778458 /* Pods-Phone Status GlanceTests.release.xcconfig */;
			buildSettings = {
				BUNDLE_LOADER = "$(TEST_HOST)";
				INFOPLIST_FILE = "Phone StatsTests/Info.plist";
				LD_RUNPATH_SEARCH_PATHS = "$(inherited) @executable_path/Frameworks @loader_path/Frameworks";
				PRODUCT_BUNDLE_IDENTIFIER = "io.telliott.Phone-StatsTests";
				PRODUCT_NAME = "Phone Status Glance";
				TEST_HOST = "$(BUILT_PRODUCTS_DIR)/Phone Status Glance.app/Phone Status Glance";
			};
			name = Release;
		};
/* End XCBuildConfiguration section */

/* Begin XCConfigurationList section */
		E2287D891D0ECF4A0051FFA7 /* Build configuration list for PBXNativeTarget "Phone Status GlanceUITests" */ = {
			isa = XCConfigurationList;
			buildConfigurations = (
				E2287D871D0ECF4A0051FFA7 /* Debug */,
				E2287D881D0ECF4A0051FFA7 /* Release */,
			);
			defaultConfigurationIsVisible = 0;
			defaultConfigurationName = Release;
		};
		E25F795B1D0A391B00B46652 /* Build configuration list for PBXProject "Phone Status Glance" */ = {
			isa = XCConfigurationList;
			buildConfigurations = (
				E25F799A1D0A391B00B46652 /* Debug */,
				E25F799B1D0A391B00B46652 /* Release */,
			);
			defaultConfigurationIsVisible = 0;
			defaultConfigurationName = Release;
		};
		E25F799C1D0A391B00B46652 /* Build configuration list for PBXNativeTarget "Phone Status Glance WatchKit Extension" */ = {
			isa = XCConfigurationList;
			buildConfigurations = (
				E25F799D1D0A391B00B46652 /* Debug */,
				E25F799E1D0A391B00B46652 /* Release */,
			);
			defaultConfigurationIsVisible = 0;
			defaultConfigurationName = Release;
		};
		E25F79A01D0A391B00B46652 /* Build configuration list for PBXNativeTarget "Phone Status Glance WatchKit App" */ = {
			isa = XCConfigurationList;
			buildConfigurations = (
				E25F79A11D0A391B00B46652 /* Debug */,
				E25F79A21D0A391B00B46652 /* Release */,
			);
			defaultConfigurationIsVisible = 0;
			defaultConfigurationName = Release;
		};
		E25F79A41D0A391B00B46652 /* Build configuration list for PBXNativeTarget "Phone Status Glance" */ = {
			isa = XCConfigurationList;
			buildConfigurations = (
				E25F79A51D0A391B00B46652 /* Debug */,
				E25F79A61D0A391B00B46652 /* Release */,
			);
			defaultConfigurationIsVisible = 0;
			defaultConfigurationName = Release;
		};
		E25F79A71D0A391B00B46652 /* Build configuration list for PBXNativeTarget "Phone Status GlanceTests" */ = {
			isa = XCConfigurationList;
			buildConfigurations = (
				E25F79A81D0A391B00B46652 /* Debug */,
				E25F79A91D0A391B00B46652 /* Release */,
			);
			defaultConfigurationIsVisible = 0;
			defaultConfigurationName = Release;
		};
/* End XCConfigurationList section */
	};
	rootObject = E25F79581D0A391B00B46652 /* Project object */;
}
